
Microsoft Visual Studio Solution File, Format Version 12.00
# Visual Studio Version 16
VisualStudioVersion = 16.0.32002.261
MinimumVisualStudioVersion = 10.0.40219.1
Project("{9A19103F-16F7-4668-BE54-9A1E7A4F7556}") = "WebApi", "WebApi\WebApi.csproj", "{DB676892-916A-4F6E-B57A-71953519AE6E}"
EndProject
Project("{FAE04EC0-301F-11D3-BF4B-00C04F79EFBC}") = "TestApiTests", "TestApiTests\TestApiTests.csproj", "{CEE0BDFD-BBD1-425F-80D8-ADFECACA5D10}"
EndProject
Global
	GlobalSection(SolutionConfigurationPlatforms) = preSolution
		Debug|Any CPU = Debug|Any CPU
		Release|Any CPU = Release|Any CPU
	EndGlobalSection
	GlobalSection(ProjectConfigurationPlatforms) = postSolution
		{DB676892-916A-4F6E-B57A-71953519AE6E}.Debug|Any CPU.ActiveCfg = Debug|Any CPU
		{DB676892-916A-4F6E-B57A-71953519AE6E}.Debug|Any CPU.Build.0 = Debug|Any CPU
		{DB676892-916A-4F6E-B57A-71953519AE6E}.Release|Any CPU.ActiveCfg = Release|Any CPU
		{DB676892-916A-4F6E-B57A-71953519AE6E}.Release|Any CPU.Build.0 = Release|Any CPU
		{CEE0BDFD-BBD1-425F-80D8-ADFECACA5D10}.Debug|Any CPU.ActiveCfg = Debug|Any CPU
		{CEE0BDFD-BBD1-425F-80D8-ADFECACA5D10}.Debug|Any CPU.Build.0 = Debug|Any CPU
		{CEE0BDFD-BBD1-425F-80D8-ADFECACA5D10}.Release|Any CPU.ActiveCfg = Release|Any CPU
		{CEE0BDFD-BBD1-425F-80D8-ADFECACA5D10}.Release|Any CPU.Build.0 = Release|Any CPU
	EndGlobalSection
	GlobalSection(SolutionProperties) = preSolution
		HideSolutionNode = FALSE
	EndGlobalSection
	GlobalSection(ExtensibilityGlobals) = postSolution
		SolutionGuid = {E70DD816-60D6-4233-BC2A-D95E83C02325}
	EndGlobalSection
EndGlobal
